
Microsoft Visual Studio Solution File, Format Version 12.00
# Visual Studio Version 17
VisualStudioVersion = 17.0.31903.59
MinimumVisualStudioVersion = 10.0.40219.1
Project("{FAE04EC0-301F-11D3-BF4B-00C04F79EFBC}") = "API", "API\API.csproj", "{345AE2C3-6B1C-4E44-9F34-51E2B0E5CA1D}"
EndProject
Project("{FAE04EC0-301F-11D3-BF4B-00C04F79EFBC}") = "Application", "Application\Application.csproj", "{59D6AA25-022A-424C-8CE5-436D85174157}"
EndProject
Project("{FAE04EC0-301F-11D3-BF4B-00C04F79EFBC}") = "Domain", "Domain\Domain.csproj", "{C27549E9-6528-4BD2-B081-4DBA41821B7A}"
EndProject
Project("{FAE04EC0-301F-11D3-BF4B-00C04F79EFBC}") = "Persistence", "Persistence\Persistence.csproj", "{89D2CFC0-8EEC-489C-BA5F-D9470F2175B2}"
EndProject
Global
	GlobalSection(SolutionConfigurationPlatforms) = preSolution
		Debug|Any CPU = Debug|Any CPU
		Release|Any CPU = Release|Any CPU
	EndGlobalSection
	GlobalSection(SolutionProperties) = preSolution
		HideSolutionNode = FALSE
	EndGlobalSection
	GlobalSection(ProjectConfigurationPlatforms) = postSolution
		{345AE2C3-6B1C-4E44-9F34-51E2B0E5CA1D}.Debug|Any CPU.ActiveCfg = Debug|Any CPU
		{345AE2C3-6B1C-4E44-9F34-51E2B0E5CA1D}.Debug|Any CPU.Build.0 = Debug|Any CPU
		{345AE2C3-6B1C-4E44-9F34-51E2B0E5CA1D}.Release|Any CPU.ActiveCfg = Release|Any CPU
		{345AE2C3-6B1C-4E44-9F34-51E2B0E5CA1D}.Release|Any CPU.Build.0 = Release|Any CPU
		{59D6AA25-022A-424C-8CE5-436D85174157}.Debug|Any CPU.ActiveCfg = Debug|Any CPU
		{59D6AA25-022A-424C-8CE5-436D85174157}.Debug|Any CPU.Build.0 = Debug|Any CPU
		{59D6AA25-022A-424C-8CE5-436D85174157}.Release|Any CPU.ActiveCfg = Release|Any CPU
		{59D6AA25-022A-424C-8CE5-436D85174157}.Release|Any CPU.Build.0 = Release|Any CPU
		{C27549E9-6528-4BD2-B081-4DBA41821B7A}.Debug|Any CPU.ActiveCfg = Debug|Any CPU
		{C27549E9-6528-4BD2-B081-4DBA41821B7A}.Debug|Any CPU.Build.0 = Debug|Any CPU
		{C27549E9-6528-4BD2-B081-4DBA41821B7A}.Release|Any CPU.ActiveCfg = Release|Any CPU
		{C27549E9-6528-4BD2-B081-4DBA41821B7A}.Release|Any CPU.Build.0 = Release|Any CPU
		{89D2CFC0-8EEC-489C-BA5F-D9470F2175B2}.Debug|Any CPU.ActiveCfg = Debug|Any CPU
		{89D2CFC0-8EEC-489C-BA5F-D9470F2175B2}.Debug|Any CPU.Build.0 = Debug|Any CPU
		{89D2CFC0-8EEC-489C-BA5F-D9470F2175B2}.Release|Any CPU.ActiveCfg = Release|Any CPU
		{89D2CFC0-8EEC-489C-BA5F-D9470F2175B2}.Release|Any CPU.Build.0 = Release|Any CPU
	EndGlobalSection
EndGlobal
